
Microsoft Visual Studio Solution File, Format Version 12.00
# Visual Studio 15
Project("{FAE04EC0-301F-11D3-BF4B-00C04F79EFBC}") = "Assembly-CSharp", "Assembly-CSharp.csproj", "{3D864A7A-1B56-09FD-0886-6EB1FA820B6C}"
EndProject
Project("{FAE04EC0-301F-11D3-BF4B-00C04F79EFBC}") = "Assembly-CSharp-Editor", "Assembly-CSharp-Editor.csproj", "{814A2CDB-AA03-DE34-9147-454999CA504B}"
EndProject
Global
	GlobalSection(SolutionConfigurationPlatforms) = preSolution
		Debug|Any CPU = Debug|Any CPU
		Release|Any CPU = Release|Any CPU
	EndGlobalSection
	GlobalSection(ProjectConfigurationPlatforms) = postSolution
		{3D864A7A-1B56-09FD-0886-6EB1FA820B6C}.Debug|Any CPU.ActiveCfg = Debug|Any CPU
		{3D864A7A-1B56-09FD-0886-6EB1FA820B6C}.Debug|Any CPU.Build.0 = Debug|Any CPU
		{3D864A7A-1B56-09FD-0886-6EB1FA820B6C}.Release|Any CPU.ActiveCfg = Release|Any CPU
		{3D864A7A-1B56-09FD-0886-6EB1FA820B6C}.Release|Any CPU.Build.0 = Release|Any CPU
		{814A2CDB-AA03-DE34-9147-454999CA504B}.Debug|Any CPU.ActiveCfg = Debug|Any CPU
		{814A2CDB-AA03-DE34-9147-454999CA504B}.Debug|Any CPU.Build.0 = Debug|Any CPU
		{814A2CDB-AA03-DE34-9147-454999CA504B}.Release|Any CPU.ActiveCfg = Release|Any CPU
		{814A2CDB-AA03-DE34-9147-454999CA504B}.Release|Any CPU.Build.0 = Release|Any CPU
	EndGlobalSection
	GlobalSection(SolutionProperties) = preSolution
		HideSolutionNode = FALSE
	EndGlobalSection
EndGlobal
