
Microsoft Visual Studio Solution File, Format Version 12.00
# Visual Studio 15
Project("{FAE04EC0-301F-11D3-BF4B-00C04F79EFBC}") = "Assembly-CSharp", "Assembly-CSharp.csproj", "{971E5090-CD3F-B7DB-31F6-4B86C2C5899A}"
EndProject
Project("{FAE04EC0-301F-11D3-BF4B-00C04F79EFBC}") = "Assembly-CSharp-Editor", "Assembly-CSharp-Editor.csproj", "{20E60AA9-CD67-9E49-EB24-B04766F12338}"
EndProject
Global
	GlobalSection(SolutionConfigurationPlatforms) = preSolution
		Debug|Any CPU = Debug|Any CPU
		Release|Any CPU = Release|Any CPU
	EndGlobalSection
	GlobalSection(ProjectConfigurationPlatforms) = postSolution
		{971E5090-CD3F-B7DB-31F6-4B86C2C5899A}.Debug|Any CPU.ActiveCfg = Debug|Any CPU
		{971E5090-CD3F-B7DB-31F6-4B86C2C5899A}.Debug|Any CPU.Build.0 = Debug|Any CPU
		{971E5090-CD3F-B7DB-31F6-4B86C2C5899A}.Release|Any CPU.ActiveCfg = Release|Any CPU
		{971E5090-CD3F-B7DB-31F6-4B86C2C5899A}.Release|Any CPU.Build.0 = Release|Any CPU
		{20E60AA9-CD67-9E49-EB24-B04766F12338}.Debug|Any CPU.ActiveCfg = Debug|Any CPU
		{20E60AA9-CD67-9E49-EB24-B04766F12338}.Debug|Any CPU.Build.0 = Debug|Any CPU
		{20E60AA9-CD67-9E49-EB24-B04766F12338}.Release|Any CPU.ActiveCfg = Release|Any CPU
		{20E60AA9-CD67-9E49-EB24-B04766F12338}.Release|Any CPU.Build.0 = Release|Any CPU
	EndGlobalSection
	GlobalSection(SolutionProperties) = preSolution
		HideSolutionNode = FALSE
	EndGlobalSection
EndGlobal
